{
  "nodes": {
    "nixpkgs": {
      "locked": {
        "lastModified": 1684398685,
        "narHash": "sha256-TRE62m91iZ5ArVMgA+uj22Yda8JoQuuhc9uwZ+NoX+0=",
        "owner": "NixOS",
        "repo": "nixpkgs",
        "rev": "628d4bb6e9f4f0c30cfd9b23d3c1cdcec9d3cb5c",
        "type": "github"
      },
      "original": {
        "owner": "NixOS",
        "ref": "nixos-22.11",
        "repo": "nixpkgs",
        "type": "github"
      }
    },
    "root": {
      "inputs": {
        "nixpkgs": "nixpkgs"
      }
    }
  },
  "root": "root",
  "version": 7
}
